
Microsoft Visual Studio Solution File, Format Version 12.00
# Visual Studio Version 17
VisualStudioVersion = 17.11.35219.272
MinimumVisualStudioVersion = 10.0.40219.1
Project("{FAE04EC0-301F-11D3-BF4B-00C04F79EFBC}") = "FastRallyObedience.Server", "FastRallyObedience.Server\FastRallyObedience.Server.csproj", "{C8A14D24-291B-450E-8204-10BD4EFE9A16}"
EndProject
Global
	GlobalSection(SolutionConfigurationPlatforms) = preSolution
		Debug|Any CPU = Debug|Any CPU
		Release|Any CPU = Release|Any CPU
	EndGlobalSection
	GlobalSection(ProjectConfigurationPlatforms) = postSolution
		{C8A14D24-291B-450E-8204-10BD4EFE9A16}.Debug|Any CPU.ActiveCfg = Debug|Any CPU
		{C8A14D24-291B-450E-8204-10BD4EFE9A16}.Debug|Any CPU.Build.0 = Debug|Any CPU
		{C8A14D24-291B-450E-8204-10BD4EFE9A16}.Release|Any CPU.ActiveCfg = Release|Any CPU
		{C8A14D24-291B-450E-8204-10BD4EFE9A16}.Release|Any CPU.Build.0 = Release|Any CPU
	EndGlobalSection
	GlobalSection(SolutionProperties) = preSolution
		HideSolutionNode = FALSE
	EndGlobalSection
	GlobalSection(ExtensibilityGlobals) = postSolution
		SolutionGuid = {C75D2047-6378-4DBB-A308-59AD67EB7923}
	EndGlobalSection
EndGlobal
